
Microsoft Visual Studio Solution File, Format Version 12.00
Project("{F2A71F9B-5D33-465A-A702-920D77279786}") = "day-01", "day-01/day-01.fsproj", "{8DA8DB7C-7C83-42DB-B0CC-C42F3907AD3F}"
EndProject
Project("{F2A71F9B-5D33-465A-A702-920D77279787}") = "day-02", "day-02/day-02.fsproj", "{8DA8DB7C-7C83-42DB-B0CC-C42F3907AD3F}"
EndProject
Project("{F2A71F9B-5D33-465A-A702-920D77279786}") = "day-03", "day-03\day-03.fsproj", "{A5887A2B-6D89-41E7-8EA7-9DF87C10F5F4}"
EndProject
Project("{F2A71F9B-5D33-465A-A702-920D77279786}") = "AdventOfCode", "AdventOfCode\AdventOfCode.fsproj", "{92C03453-794F-45C1-B922-565C55D1DEF3}"
EndProject
Project("{F2A71F9B-5D33-465A-A702-920D77279786}") = "day-04", "day-04\day-04.fsproj", "{AA65691E-AC74-4BD9-A472-EAD027B86007}"
EndProject
Project("{F2A71F9B-5D33-465A-A702-920D77279786}") = "day-05", "day-05\day-05.fsproj", "{EF2E8971-181B-41B8-884D-C502022B274C}"
EndProject
Project("{F2A71F9B-5D33-465A-A702-920D77279786}") = "day-06", "day-06\day-06.fsproj", "{A31774A8-FEBC-4988-BECC-98F0C684A2ED}"
EndProject
Project("{F2A71F9B-5D33-465A-A702-920D77279786}") = "day-07", "day-07\day-07.fsproj", "{82799203-EACC-42D8-B5D2-D351D34EDF9F}"
EndProject
Project("{F2A71F9B-5D33-465A-A702-920D77279786}") = "day-08", "day-08\day-08.fsproj", "{C2D01E07-B6DA-4D1E-A7A5-2FF88D44C5FE}"
EndProject
Project("{F2A71F9B-5D33-465A-A702-920D77279786}") = "day-09", "day-09\day-09.fsproj", "{A6021ACA-2AF4-407C-A5DE-C1CB41CCB740}"
EndProject
Project("{F2A71F9B-5D33-465A-A702-920D77279786}") = "day-10", "day-10\day-10.fsproj", "{29B376DB-ED6E-4755-AAAA-4AA5BDD52C3E}"
EndProject
Project("{F2A71F9B-5D33-465A-A702-920D77279786}") = "day-11", "day-11\day-11.fsproj", "{0260C2D2-4187-4BB4-B1B8-5CEEFBF3A995}"
EndProject
Project("{F2A71F9B-5D33-465A-A702-920D77279786}") = "day-12", "day-12\day-12.fsproj", "{8CC62C6C-4788-4250-AF4D-53408591487F}"
EndProject
Project("{F2A71F9B-5D33-465A-A702-920D77279786}") = "day-13", "day-13\day-13.fsproj", "{01CF7E32-82BC-4408-A41F-499A72B1C371}"
EndProject
Project("{F2A71F9B-5D33-465A-A702-920D77279786}") = "day-14", "day-14\day-14.fsproj", "{41F5F71E-AA13-496B-BB52-01C0DAF9D38F}"
EndProject
Project("{F2A71F9B-5D33-465A-A702-920D77279786}") = "day-15", "day-15\day-15.fsproj", "{6E00CE5E-089E-4CD9-9084-A743A501DB77}"
EndProject
Project("{F2A71F9B-5D33-465A-A702-920D77279786}") = "day-16", "day-16\day-16.fsproj", "{165244C9-DAB2-479A-907F-2585E9C44CA6}"
EndProject
Project("{F2A71F9B-5D33-465A-A702-920D77279786}") = "day-17", "day-17\day-17.fsproj", "{9E0EA0CA-0DA8-4A45-A4FC-0A20FE27C191}"
EndProject
Project("{F2A71F9B-5D33-465A-A702-920D77279786}") = "day-18", "day-18\day-18.fsproj", "{7D4EF0DE-6EE6-431E-AF98-E0F58ADE590B}"
EndProject
Project("{F2A71F9B-5D33-465A-A702-920D77279786}") = "day-19", "day-19\day-19.fsproj", "{CF9A0916-669E-4745-85C8-161D7B1D386D}"
EndProject
Project("{F2A71F9B-5D33-465A-A702-920D77279786}") = "day-20", "day-20\day-20.fsproj", "{CB20DDCD-2AA3-425A-A5C9-89E928A11B8A}"
EndProject
Project("{F2A71F9B-5D33-465A-A702-920D77279786}") = "day-21", "day-21\day-21.fsproj", "{2EE7C5C5-3255-4CD8-8C49-455B5377DD30}"
EndProject
Project("{F2A71F9B-5D33-465A-A702-920D77279786}") = "day-22", "day-22\day-22.fsproj", "{390CA46F-E3C4-45EC-9A39-4EC8347473DD}"
EndProject
Project("{F2A71F9B-5D33-465A-A702-920D77279786}") = "day-23", "day-23\day-23.fsproj", "{64619640-EE5D-4B24-9AE2-BC872CF15376}"
EndProject
Global
	GlobalSection(SolutionConfigurationPlatforms) = preSolution
		Debug|Any CPU = Debug|Any CPU
		Release|Any CPU = Release|Any CPU
	EndGlobalSection
	GlobalSection(ProjectConfigurationPlatforms) = postSolution
		{8DA8DB7C-7C83-42DB-B0CC-C42F3907AD3F}.Debug|Any CPU.ActiveCfg = Debug|Any CPU
		{8DA8DB7C-7C83-42DB-B0CC-C42F3907AD3F}.Debug|Any CPU.Build.0 = Debug|Any CPU
		{8DA8DB7C-7C83-42DB-B0CC-C42F3907AD3F}.Release|Any CPU.ActiveCfg = Release|Any CPU
		{8DA8DB7C-7C83-42DB-B0CC-C42F3907AD3F}.Release|Any CPU.Build.0 = Release|Any CPU
		{A5887A2B-6D89-41E7-8EA7-9DF87C10F5F4}.Debug|Any CPU.ActiveCfg = Debug|Any CPU
		{A5887A2B-6D89-41E7-8EA7-9DF87C10F5F4}.Debug|Any CPU.Build.0 = Debug|Any CPU
		{A5887A2B-6D89-41E7-8EA7-9DF87C10F5F4}.Release|Any CPU.ActiveCfg = Release|Any CPU
		{A5887A2B-6D89-41E7-8EA7-9DF87C10F5F4}.Release|Any CPU.Build.0 = Release|Any CPU
		{92C03453-794F-45C1-B922-565C55D1DEF3}.Debug|Any CPU.ActiveCfg = Debug|Any CPU
		{92C03453-794F-45C1-B922-565C55D1DEF3}.Debug|Any CPU.Build.0 = Debug|Any CPU
		{92C03453-794F-45C1-B922-565C55D1DEF3}.Release|Any CPU.ActiveCfg = Release|Any CPU
		{92C03453-794F-45C1-B922-565C55D1DEF3}.Release|Any CPU.Build.0 = Release|Any CPU
		{AA65691E-AC74-4BD9-A472-EAD027B86007}.Debug|Any CPU.ActiveCfg = Debug|Any CPU
		{AA65691E-AC74-4BD9-A472-EAD027B86007}.Debug|Any CPU.Build.0 = Debug|Any CPU
		{AA65691E-AC74-4BD9-A472-EAD027B86007}.Release|Any CPU.ActiveCfg = Release|Any CPU
		{AA65691E-AC74-4BD9-A472-EAD027B86007}.Release|Any CPU.Build.0 = Release|Any CPU
		{EF2E8971-181B-41B8-884D-C502022B274C}.Debug|Any CPU.ActiveCfg = Debug|Any CPU
		{EF2E8971-181B-41B8-884D-C502022B274C}.Debug|Any CPU.Build.0 = Debug|Any CPU
		{EF2E8971-181B-41B8-884D-C502022B274C}.Release|Any CPU.ActiveCfg = Release|Any CPU
		{EF2E8971-181B-41B8-884D-C502022B274C}.Release|Any CPU.Build.0 = Release|Any CPU
		{A31774A8-FEBC-4988-BECC-98F0C684A2ED}.Debug|Any CPU.ActiveCfg = Debug|Any CPU
		{A31774A8-FEBC-4988-BECC-98F0C684A2ED}.Debug|Any CPU.Build.0 = Debug|Any CPU
		{A31774A8-FEBC-4988-BECC-98F0C684A2ED}.Release|Any CPU.ActiveCfg = Release|Any CPU
		{A31774A8-FEBC-4988-BECC-98F0C684A2ED}.Release|Any CPU.Build.0 = Release|Any CPU
		{82799203-EACC-42D8-B5D2-D351D34EDF9F}.Debug|Any CPU.ActiveCfg = Debug|Any CPU
		{82799203-EACC-42D8-B5D2-D351D34EDF9F}.Debug|Any CPU.Build.0 = Debug|Any CPU
		{82799203-EACC-42D8-B5D2-D351D34EDF9F}.Release|Any CPU.ActiveCfg = Release|Any CPU
		{82799203-EACC-42D8-B5D2-D351D34EDF9F}.Release|Any CPU.Build.0 = Release|Any CPU
		{C2D01E07-B6DA-4D1E-A7A5-2FF88D44C5FE}.Debug|Any CPU.ActiveCfg = Debug|Any CPU
		{C2D01E07-B6DA-4D1E-A7A5-2FF88D44C5FE}.Debug|Any CPU.Build.0 = Debug|Any CPU
		{C2D01E07-B6DA-4D1E-A7A5-2FF88D44C5FE}.Release|Any CPU.ActiveCfg = Release|Any CPU
		{C2D01E07-B6DA-4D1E-A7A5-2FF88D44C5FE}.Release|Any CPU.Build.0 = Release|Any CPU
		{A6021ACA-2AF4-407C-A5DE-C1CB41CCB740}.Debug|Any CPU.ActiveCfg = Debug|Any CPU
		{A6021ACA-2AF4-407C-A5DE-C1CB41CCB740}.Debug|Any CPU.Build.0 = Debug|Any CPU
		{A6021ACA-2AF4-407C-A5DE-C1CB41CCB740}.Release|Any CPU.ActiveCfg = Release|Any CPU
		{A6021ACA-2AF4-407C-A5DE-C1CB41CCB740}.Release|Any CPU.Build.0 = Release|Any CPU
		{29B376DB-ED6E-4755-AAAA-4AA5BDD52C3E}.Debug|Any CPU.ActiveCfg = Debug|Any CPU
		{29B376DB-ED6E-4755-AAAA-4AA5BDD52C3E}.Debug|Any CPU.Build.0 = Debug|Any CPU
		{29B376DB-ED6E-4755-AAAA-4AA5BDD52C3E}.Release|Any CPU.ActiveCfg = Release|Any CPU
		{29B376DB-ED6E-4755-AAAA-4AA5BDD52C3E}.Release|Any CPU.Build.0 = Release|Any CPU
		{0260C2D2-4187-4BB4-B1B8-5CEEFBF3A995}.Debug|Any CPU.ActiveCfg = Debug|Any CPU
		{0260C2D2-4187-4BB4-B1B8-5CEEFBF3A995}.Debug|Any CPU.Build.0 = Debug|Any CPU
		{0260C2D2-4187-4BB4-B1B8-5CEEFBF3A995}.Release|Any CPU.ActiveCfg = Release|Any CPU
		{0260C2D2-4187-4BB4-B1B8-5CEEFBF3A995}.Release|Any CPU.Build.0 = Release|Any CPU
		{8CC62C6C-4788-4250-AF4D-53408591487F}.Debug|Any CPU.ActiveCfg = Debug|Any CPU
		{8CC62C6C-4788-4250-AF4D-53408591487F}.Debug|Any CPU.Build.0 = Debug|Any CPU
		{8CC62C6C-4788-4250-AF4D-53408591487F}.Release|Any CPU.ActiveCfg = Release|Any CPU
		{8CC62C6C-4788-4250-AF4D-53408591487F}.Release|Any CPU.Build.0 = Release|Any CPU
		{01CF7E32-82BC-4408-A41F-499A72B1C371}.Debug|Any CPU.ActiveCfg = Debug|Any CPU
		{01CF7E32-82BC-4408-A41F-499A72B1C371}.Debug|Any CPU.Build.0 = Debug|Any CPU
		{01CF7E32-82BC-4408-A41F-499A72B1C371}.Release|Any CPU.ActiveCfg = Release|Any CPU
		{01CF7E32-82BC-4408-A41F-499A72B1C371}.Release|Any CPU.Build.0 = Release|Any CPU
		{41F5F71E-AA13-496B-BB52-01C0DAF9D38F}.Debug|Any CPU.ActiveCfg = Debug|Any CPU
		{41F5F71E-AA13-496B-BB52-01C0DAF9D38F}.Debug|Any CPU.Build.0 = Debug|Any CPU
		{41F5F71E-AA13-496B-BB52-01C0DAF9D38F}.Release|Any CPU.ActiveCfg = Release|Any CPU
		{41F5F71E-AA13-496B-BB52-01C0DAF9D38F}.Release|Any CPU.Build.0 = Release|Any CPU
		{6E00CE5E-089E-4CD9-9084-A743A501DB77}.Debug|Any CPU.ActiveCfg = Debug|Any CPU
		{6E00CE5E-089E-4CD9-9084-A743A501DB77}.Debug|Any CPU.Build.0 = Debug|Any CPU
		{6E00CE5E-089E-4CD9-9084-A743A501DB77}.Release|Any CPU.ActiveCfg = Release|Any CPU
		{6E00CE5E-089E-4CD9-9084-A743A501DB77}.Release|Any CPU.Build.0 = Release|Any CPU
		{165244C9-DAB2-479A-907F-2585E9C44CA6}.Debug|Any CPU.ActiveCfg = Debug|Any CPU
		{165244C9-DAB2-479A-907F-2585E9C44CA6}.Debug|Any CPU.Build.0 = Debug|Any CPU
		{165244C9-DAB2-479A-907F-2585E9C44CA6}.Release|Any CPU.ActiveCfg = Release|Any CPU
		{165244C9-DAB2-479A-907F-2585E9C44CA6}.Release|Any CPU.Build.0 = Release|Any CPU
		{9E0EA0CA-0DA8-4A45-A4FC-0A20FE27C191}.Debug|Any CPU.ActiveCfg = Debug|Any CPU
		{9E0EA0CA-0DA8-4A45-A4FC-0A20FE27C191}.Debug|Any CPU.Build.0 = Debug|Any CPU
		{9E0EA0CA-0DA8-4A45-A4FC-0A20FE27C191}.Release|Any CPU.ActiveCfg = Release|Any CPU
		{9E0EA0CA-0DA8-4A45-A4FC-0A20FE27C191}.Release|Any CPU.Build.0 = Release|Any CPU
		{7D4EF0DE-6EE6-431E-AF98-E0F58ADE590B}.Debug|Any CPU.ActiveCfg = Debug|Any CPU
		{7D4EF0DE-6EE6-431E-AF98-E0F58ADE590B}.Debug|Any CPU.Build.0 = Debug|Any CPU
		{7D4EF0DE-6EE6-431E-AF98-E0F58ADE590B}.Release|Any CPU.ActiveCfg = Release|Any CPU
		{7D4EF0DE-6EE6-431E-AF98-E0F58ADE590B}.Release|Any CPU.Build.0 = Release|Any CPU
		{CF9A0916-669E-4745-85C8-161D7B1D386D}.Debug|Any CPU.ActiveCfg = Debug|Any CPU
		{CF9A0916-669E-4745-85C8-161D7B1D386D}.Debug|Any CPU.Build.0 = Debug|Any CPU
		{CF9A0916-669E-4745-85C8-161D7B1D386D}.Release|Any CPU.ActiveCfg = Release|Any CPU
		{CF9A0916-669E-4745-85C8-161D7B1D386D}.Release|Any CPU.Build.0 = Release|Any CPU
		{CB20DDCD-2AA3-425A-A5C9-89E928A11B8A}.Debug|Any CPU.ActiveCfg = Debug|Any CPU
		{CB20DDCD-2AA3-425A-A5C9-89E928A11B8A}.Debug|Any CPU.Build.0 = Debug|Any CPU
		{CB20DDCD-2AA3-425A-A5C9-89E928A11B8A}.Release|Any CPU.ActiveCfg = Release|Any CPU
		{CB20DDCD-2AA3-425A-A5C9-89E928A11B8A}.Release|Any CPU.Build.0 = Release|Any CPU
		{2EE7C5C5-3255-4CD8-8C49-455B5377DD30}.Debug|Any CPU.ActiveCfg = Debug|Any CPU
		{2EE7C5C5-3255-4CD8-8C49-455B5377DD30}.Debug|Any CPU.Build.0 = Debug|Any CPU
		{2EE7C5C5-3255-4CD8-8C49-455B5377DD30}.Release|Any CPU.ActiveCfg = Release|Any CPU
		{2EE7C5C5-3255-4CD8-8C49-455B5377DD30}.Release|Any CPU.Build.0 = Release|Any CPU
		{390CA46F-E3C4-45EC-9A39-4EC8347473DD}.Debug|Any CPU.ActiveCfg = Debug|Any CPU
		{390CA46F-E3C4-45EC-9A39-4EC8347473DD}.Debug|Any CPU.Build.0 = Debug|Any CPU
		{390CA46F-E3C4-45EC-9A39-4EC8347473DD}.Release|Any CPU.ActiveCfg = Release|Any CPU
		{390CA46F-E3C4-45EC-9A39-4EC8347473DD}.Release|Any CPU.Build.0 = Release|Any CPU
		{64619640-EE5D-4B24-9AE2-BC872CF15376}.Debug|Any CPU.ActiveCfg = Debug|Any CPU
		{64619640-EE5D-4B24-9AE2-BC872CF15376}.Debug|Any CPU.Build.0 = Debug|Any CPU
		{64619640-EE5D-4B24-9AE2-BC872CF15376}.Release|Any CPU.ActiveCfg = Release|Any CPU
		{64619640-EE5D-4B24-9AE2-BC872CF15376}.Release|Any CPU.Build.0 = Release|Any CPU
	EndGlobalSection
EndGlobal
